
Microsoft Visual Studio Solution File, Format Version 12.00
# Visual Studio 14
VisualStudioVersion = 14.0.25123.0
MinimumVisualStudioVersion = 10.0.40219.1
Project("{FAE04EC0-301F-11D3-BF4B-00C04F79EFBC}") = "ProjeAtaOtomasyonKatmanliV2", "ProjeAtaOtomasyonKatmanliV2.WinForm\ProjeAtaOtomasyonKatmanliV2.csproj", "{F1861512-FF7D-46C5-8688-70011D119DB3}"
EndProject
Project("{FAE04EC0-301F-11D3-BF4B-00C04F79EFBC}") = "ProjeAtaOtomasyonKatmanliV2.DataAccess", "ProjeAtaOtomasyonKatmanliV2.DataAccess\ProjeAtaOtomasyonKatmanliV2.DataAccess.csproj", "{377CDEE0-8B0B-48FC-BA09-6BEAE7DBD6E9}"
EndProject
Global
	GlobalSection(SolutionConfigurationPlatforms) = preSolution
		Debug|Any CPU = Debug|Any CPU
		Release|Any CPU = Release|Any CPU
	EndGlobalSection
	GlobalSection(ProjectConfigurationPlatforms) = postSolution
		{F1861512-FF7D-46C5-8688-70011D119DB3}.Debug|Any CPU.ActiveCfg = Debug|Any CPU
		{F1861512-FF7D-46C5-8688-70011D119DB3}.Debug|Any CPU.Build.0 = Debug|Any CPU
		{F1861512-FF7D-46C5-8688-70011D119DB3}.Release|Any CPU.ActiveCfg = Release|Any CPU
		{F1861512-FF7D-46C5-8688-70011D119DB3}.Release|Any CPU.Build.0 = Release|Any CPU
		{377CDEE0-8B0B-48FC-BA09-6BEAE7DBD6E9}.Debug|Any CPU.ActiveCfg = Debug|Any CPU
		{377CDEE0-8B0B-48FC-BA09-6BEAE7DBD6E9}.Debug|Any CPU.Build.0 = Debug|Any CPU
		{377CDEE0-8B0B-48FC-BA09-6BEAE7DBD6E9}.Release|Any CPU.ActiveCfg = Release|Any CPU
		{377CDEE0-8B0B-48FC-BA09-6BEAE7DBD6E9}.Release|Any CPU.Build.0 = Release|Any CPU
	EndGlobalSection
	GlobalSection(SolutionProperties) = preSolution
		HideSolutionNode = FALSE
	EndGlobalSection
EndGlobal
